
Microsoft Visual Studio Solution File, Format Version 12.00
# Visual Studio Version 17
VisualStudioVersion = 17.8.34408.163
MinimumVisualStudioVersion = 10.0.40219.1
Project("{FAE04EC0-301F-11D3-BF4B-00C04F79EFBC}") = "Models", "SIndColares\Models.csproj", "{2C7F7911-8EA8-4019-B6A5-5B973FF2CBD0}"
EndProject
Project("{2150E333-8FDC-42A3-9474-1A3956D46DE8}") = "1 - Models", "1 - Models", "{56449B92-C843-48BD-B12D-394A7041DDAC}"
EndProject
Global
	GlobalSection(SolutionConfigurationPlatforms) = preSolution
		Debug|Any CPU = Debug|Any CPU
		Release|Any CPU = Release|Any CPU
	EndGlobalSection
	GlobalSection(ProjectConfigurationPlatforms) = postSolution
		{2C7F7911-8EA8-4019-B6A5-5B973FF2CBD0}.Debug|Any CPU.ActiveCfg = Debug|Any CPU
		{2C7F7911-8EA8-4019-B6A5-5B973FF2CBD0}.Debug|Any CPU.Build.0 = Debug|Any CPU
		{2C7F7911-8EA8-4019-B6A5-5B973FF2CBD0}.Release|Any CPU.ActiveCfg = Release|Any CPU
		{2C7F7911-8EA8-4019-B6A5-5B973FF2CBD0}.Release|Any CPU.Build.0 = Release|Any CPU
	EndGlobalSection
	GlobalSection(SolutionProperties) = preSolution
		HideSolutionNode = FALSE
	EndGlobalSection
	GlobalSection(NestedProjects) = preSolution
		{2C7F7911-8EA8-4019-B6A5-5B973FF2CBD0} = {56449B92-C843-48BD-B12D-394A7041DDAC}
	EndGlobalSection
	GlobalSection(ExtensibilityGlobals) = postSolution
		SolutionGuid = {6E6D2A2F-80B0-45A9-BC20-53A69D6A1CF3}
	EndGlobalSection
EndGlobal
